
Microsoft Visual Studio Solution File, Format Version 12.00
# Visual Studio Version 17
VisualStudioVersion = 17.5.002.0
MinimumVisualStudioVersion = 10.0.40219.1
Project("{9A19103F-16F7-4668-BE54-9A1E7A4F7556}") = "nothesap", "nothesap.csproj", "{93E99AA3-4F0E-45EB-9EAC-2F10293E7A07}"
EndProject
Global
	GlobalSection(SolutionConfigurationPlatforms) = preSolution
		Debug|Any CPU = Debug|Any CPU
		Release|Any CPU = Release|Any CPU
	EndGlobalSection
	GlobalSection(ProjectConfigurationPlatforms) = postSolution
		{93E99AA3-4F0E-45EB-9EAC-2F10293E7A07}.Debug|Any CPU.ActiveCfg = Debug|Any CPU
		{93E99AA3-4F0E-45EB-9EAC-2F10293E7A07}.Debug|Any CPU.Build.0 = Debug|Any CPU
		{93E99AA3-4F0E-45EB-9EAC-2F10293E7A07}.Release|Any CPU.ActiveCfg = Release|Any CPU
		{93E99AA3-4F0E-45EB-9EAC-2F10293E7A07}.Release|Any CPU.Build.0 = Release|Any CPU
	EndGlobalSection
	GlobalSection(SolutionProperties) = preSolution
		HideSolutionNode = FALSE
	EndGlobalSection
	GlobalSection(ExtensibilityGlobals) = postSolution
		SolutionGuid = {1E416ECE-ED2F-4C29-84B0-4A1F9D1C509D}
	EndGlobalSection
EndGlobal
